
Microsoft Visual Studio Solution File, Format Version 12.00
# Visual Studio Version 17
VisualStudioVersion = 17.5.002.0
MinimumVisualStudioVersion = 10.0.40219.1
Project("{2150E333-8FDC-42A3-9474-1A3956D46DE8}") = "CPSC1012", "CPSC1012", "{B6312EC1-329A-49EC-9366-7B88E225D449}"
EndProject
Project("{9A19103F-16F7-4668-BE54-9A1E7A4F7556}") = "e-sequence", "CPSC1012\e-sequence\e-sequence.csproj", "{DC80FFDA-5B29-456F-9C73-E846EEC84BF9}"
EndProject
Global
	GlobalSection(SolutionConfigurationPlatforms) = preSolution
		Debug|Any CPU = Debug|Any CPU
		Release|Any CPU = Release|Any CPU
	EndGlobalSection
	GlobalSection(ProjectConfigurationPlatforms) = postSolution
		{DC80FFDA-5B29-456F-9C73-E846EEC84BF9}.Debug|Any CPU.ActiveCfg = Debug|Any CPU
		{DC80FFDA-5B29-456F-9C73-E846EEC84BF9}.Debug|Any CPU.Build.0 = Debug|Any CPU
		{DC80FFDA-5B29-456F-9C73-E846EEC84BF9}.Release|Any CPU.ActiveCfg = Release|Any CPU
		{DC80FFDA-5B29-456F-9C73-E846EEC84BF9}.Release|Any CPU.Build.0 = Release|Any CPU
		{EBD446DE-31AB-4279-9F0B-20484884E4C5}.Debug|Any CPU.ActiveCfg = Debug|Any CPU
		{EBD446DE-31AB-4279-9F0B-20484884E4C5}.Debug|Any CPU.Build.0 = Debug|Any CPU
		{EBD446DE-31AB-4279-9F0B-20484884E4C5}.Release|Any CPU.ActiveCfg = Release|Any CPU
		{EBD446DE-31AB-4279-9F0B-20484884E4C5}.Release|Any CPU.Build.0 = Release|Any CPU
		{05C06C42-EE48-4A4C-80C5-BF47A78E25A4}.Debug|Any CPU.ActiveCfg = Debug|Any CPU
		{05C06C42-EE48-4A4C-80C5-BF47A78E25A4}.Debug|Any CPU.Build.0 = Debug|Any CPU
		{05C06C42-EE48-4A4C-80C5-BF47A78E25A4}.Release|Any CPU.ActiveCfg = Release|Any CPU
		{05C06C42-EE48-4A4C-80C5-BF47A78E25A4}.Release|Any CPU.Build.0 = Release|Any CPU
		{78D82E23-006A-4522-A674-302D1090C0C4}.Debug|Any CPU.ActiveCfg = Debug|Any CPU
		{78D82E23-006A-4522-A674-302D1090C0C4}.Debug|Any CPU.Build.0 = Debug|Any CPU
		{78D82E23-006A-4522-A674-302D1090C0C4}.Release|Any CPU.ActiveCfg = Release|Any CPU
		{78D82E23-006A-4522-A674-302D1090C0C4}.Release|Any CPU.Build.0 = Release|Any CPU
	EndGlobalSection
	GlobalSection(SolutionProperties) = preSolution
		HideSolutionNode = FALSE
	EndGlobalSection
	GlobalSection(NestedProjects) = preSolution
		{DC80FFDA-5B29-456F-9C73-E846EEC84BF9} = {B6312EC1-329A-49EC-9366-7B88E225D449}
	EndGlobalSection
	GlobalSection(ExtensibilityGlobals) = postSolution
		SolutionGuid = {DD726B27-EBA8-424C-8ED0-3EBE2FB774BA}
	EndGlobalSection
EndGlobal
